// !$*UTF8*$!
{
	archiveVersion = 1;
	classes = {
	};
	objectVersion = 46;
	objects = {

/* Begin PBXBuildFile section */
		4F2502B319A01DA60015FDA7 /* DataPoint.m in Sources */ = {isa = PBXBuildFile; fileRef = 4F2502B219A01DA60015FDA7 /* DataPoint.m */; };
		4F3F9ACA19A0FE4C00CA9D87 /* StockGraph.m in Sources */ = {isa = PBXBuildFile; fileRef = 4F3F9AC919A0FE4C00CA9D87 /* StockGraph.m */; };
		4FAFF6C9199EEE0500B4D55E /* main.m in Sources */ = {isa = PBXBuildFile; fileRef = 4FAFF6C8199EEE0500B4D55E /* main.m */; };
		4FAFF6CC199EEE0500B4D55E /* AppDelegate.m in Sources */ = {isa = PBXBuildFile; fileRef = 4FAFF6CB199EEE0500B4D55E /* AppDelegate.m */; };
		4FAFF6CE199EEE0500B4D55E /* Images.xcassets in Resources */ = {isa = PBXBuildFile; fileRef = 4FAFF6CD199EEE0500B4D55E /* Images.xcassets */; };
		4FAFF6D1199EEE0500B4D55E /* MainMenu.xib in Resources */ = {isa = PBXBuildFile; fileRef = 4FAFF6CF199EEE0500B4D55E /* MainMenu.xib */; };
		4FAFF6DD199EEE0600B4D55E /* Stocks_Tests.m in Sources */ = {isa = PBXBuildFile; fileRef = 4FAFF6DC199EEE0600B4D55E /* Stocks_Tests.m */; };
		4FAFF6ED199EEE9B00B4D55E /* NotificationCenter.framework in Frameworks */ = {isa = PBXBuildFile; fileRef = 4FAFF6EC199EEE9B00B4D55E /* NotificationCenter.framework */; };
		4FAFF6F4199EEE9B00B4D55E /* InfoPlist.strings in Resources */ = {isa = PBXBuildFile; fileRef = 4FAFF6F2199EEE9B00B4D55E /* InfoPlist.strings */; };
		4FAFF6F7199EEE9B00B4D55E /* TodayViewController.m in Sources */ = {isa = PBXBuildFile; fileRef = 4FAFF6F6199EEE9B00B4D55E /* TodayViewController.m */; };
		4FAFF6FA199EEE9B00B4D55E /* ListRowViewController.m in Sources */ = {isa = PBXBuildFile; fileRef = 4FAFF6F9199EEE9B00B4D55E /* ListRowViewController.m */; };
		4FAFF6FC199EEE9B00B4D55E /* TodayViewController.xib in Resources */ = {isa = PBXBuildFile; fileRef = 4FAFF6FB199EEE9B00B4D55E /* TodayViewController.xib */; };
		4FAFF6FE199EEE9B00B4D55E /* ListRowViewController.xib in Resources */ = {isa = PBXBuildFile; fileRef = 4FAFF6FD199EEE9B00B4D55E /* ListRowViewController.xib */; };
		4FAFF701199EEE9B00B4D55E /* TodayStocks+.appex in Embed App Extensions */ = {isa = PBXBuildFile; fileRef = 4FAFF6EA199EEE9B00B4D55E /* TodayStocks+.appex */; settings = {ATTRIBUTES = (RemoveHeadersOnCopy, ); }; };
		4FAFF70A199EEECE00B4D55E /* StockRequest.m in Sources */ = {isa = PBXBuildFile; fileRef = 4FAFF709199EEECE00B4D55E /* StockRequest.m */; };
		4FF727DC19A314180016B079 /* GraphView.m in Sources */ = {isa = PBXBuildFile; fileRef = 4FF727DB19A314180016B079 /* GraphView.m */; };
/* End PBXBuildFile section */

/* Begin PBXContainerItemProxy section */
		4FAFF6D7199EEE0600B4D55E /* PBXContainerItemProxy */ = {
			isa = PBXContainerItemProxy;
			containerPortal = 4FAFF6BB199EEE0500B4D55E /* Project object */;
			proxyType = 1;
			remoteGlobalIDString = 4FAFF6C2199EEE0500B4D55E;
			remoteInfo = "Stocks+";
		};
		4FAFF6FF199EEE9B00B4D55E /* PBXContainerItemProxy */ = {
			isa = PBXContainerItemProxy;
			containerPortal = 4FAFF6BB199EEE0500B4D55E /* Project object */;
			proxyType = 1;
			remoteGlobalIDString = 4FAFF6E9199EEE9B00B4D55E;
			remoteInfo = "TodayStocks+";
		};
		4FAFF702199EEE9B00B4D55E /* PBXContainerItemProxy */ = {
			isa = PBXContainerItemProxy;
			containerPortal = 4FAFF6BB199EEE0500B4D55E /* Project object */;
			proxyType = 1;
			remoteGlobalIDString = 4FAFF6E9199EEE9B00B4D55E;
			remoteInfo = "TodayStocks+";
		};
/* End PBXContainerItemProxy section */

/* Begin PBXCopyFilesBuildPhase section */
		4FAFF707199EEE9B00B4D55E /* Embed App Extensions */ = {
			isa = PBXCopyFilesBuildPhase;
			buildActionMask = 2147483647;
			dstPath = "";
			dstSubfolderSpec = 13;
			files = (
				4FAFF701199EEE9B00B4D55E /* TodayStocks+.appex in Embed App Extensions */,
			);
			name = "Embed App Extensions";
			runOnlyForDeploymentPostprocessing = 0;
		};
/* End PBXCopyFilesBuildPhase section */

/* Begin PBXFileReference section */
		4F2502B119A01DA60015FDA7 /* DataPoint.h */ = {isa = PBXFileReference; fileEncoding = 4; lastKnownFileType = sourcecode.c.h; path = DataPoint.h; sourceTree = "<group>"; };
		4F2502B219A01DA60015FDA7 /* DataPoint.m */ = {isa = PBXFileReference; fileEncoding = 4; lastKnownFileType = sourcecode.c.objc; path = DataPoint.m; sourceTree = "<group>"; };
		4F3F9AC819A0FE4C00CA9D87 /* StockGraph.h */ = {isa = PBXFileReference; fileEncoding = 4; lastKnownFileType = sourcecode.c.h; path = StockGraph.h; sourceTree = "<group>"; };
		4F3F9AC919A0FE4C00CA9D87 /* StockGraph.m */ = {isa = PBXFileReference; fileEncoding = 4; lastKnownFileType = sourcecode.c.objc; path = StockGraph.m; sourceTree = "<group>"; };
		4FAFF6C3199EEE0500B4D55E /* Stocks+.app */ = {isa = PBXFileReference; explicitFileType = wrapper.application; includeInIndex = 0; path = "Stocks+.app"; sourceTree = BUILT_PRODUCTS_DIR; };
		4FAFF6C7199EEE0500B4D55E /* Info.plist */ = {isa = PBXFileReference; lastKnownFileType = text.plist.xml; path = Info.plist; sourceTree = "<group>"; };
		4FAFF6C8199EEE0500B4D55E /* main.m */ = {isa = PBXFileReference; lastKnownFileType = sourcecode.c.objc; path = main.m; sourceTree = "<group>"; };
		4FAFF6CA199EEE0500B4D55E /* AppDelegate.h */ = {isa = PBXFileReference; lastKnownFileType = sourcecode.c.h; path = AppDelegate.h; sourceTree = "<group>"; };
		4FAFF6CB199EEE0500B4D55E /* AppDelegate.m */ = {isa = PBXFileReference; lastKnownFileType = sourcecode.c.objc; path = AppDelegate.m; sourceTree = "<group>"; };
		4FAFF6CD199EEE0500B4D55E /* Images.xcassets */ = {isa = PBXFileReference; lastKnownFileType = folder.assetcatalog; path = Images.xcassets; sourceTree = "<group>"; };
		4FAFF6D0199EEE0500B4D55E /* Base */ = {isa = PBXFileReference; lastKnownFileType = file.xib; name = Base; path = Base.lproj/MainMenu.xib; sourceTree = "<group>"; };
		4FAFF6D6199EEE0600B4D55E /* Stocks+Tests.xctest */ = {isa = PBXFileReference; explicitFileType = wrapper.cfbundle; includeInIndex = 0; path = "Stocks+Tests.xctest"; sourceTree = BUILT_PRODUCTS_DIR; };
		4FAFF6DB199EEE0600B4D55E /* Info.plist */ = {isa = PBXFileReference; lastKnownFileType = text.plist.xml; path = Info.plist; sourceTree = "<group>"; };
		4FAFF6DC199EEE0600B4D55E /* Stocks_Tests.m */ = {isa = PBXFileReference; lastKnownFileType = sourcecode.c.objc; path = Stocks_Tests.m; sourceTree = "<group>"; };
		4FAFF6EA199EEE9B00B4D55E /* TodayStocks+.appex */ = {isa = PBXFileReference; explicitFileType = "wrapper.app-extension"; includeInIndex = 0; path = "TodayStocks+.appex"; sourceTree = BUILT_PRODUCTS_DIR; };
		4FAFF6EC199EEE9B00B4D55E /* NotificationCenter.framework */ = {isa = PBXFileReference; lastKnownFileType = wrapper.framework; name = NotificationCenter.framework; path = System/Library/Frameworks/NotificationCenter.framework; sourceTree = SDKROOT; };
		4FAFF6F0199EEE9B00B4D55E /* Info.plist */ = {isa = PBXFileReference; lastKnownFileType = text.plist.xml; path = Info.plist; sourceTree = "<group>"; };
		4FAFF6F1199EEE9B00B4D55E /* TodayStocks_.entitlements */ = {isa = PBXFileReference; lastKnownFileType = text.xml; path = TodayStocks_.entitlements; sourceTree = "<group>"; };
		4FAFF6F3199EEE9B00B4D55E /* en */ = {isa = PBXFileReference; lastKnownFileType = text.plist.strings; name = en; path = en.lproj/InfoPlist.strings; sourceTree = "<group>"; };
		4FAFF6F5199EEE9B00B4D55E /* TodayViewController.h */ = {isa = PBXFileReference; lastKnownFileType = sourcecode.c.h; path = TodayViewController.h; sourceTree = "<group>"; };
		4FAFF6F6199EEE9B00B4D55E /* TodayViewController.m */ = {isa = PBXFileReference; lastKnownFileType = sourcecode.c.objc; path = TodayViewController.m; sourceTree = "<group>"; };
		4FAFF6F8199EEE9B00B4D55E /* ListRowViewController.h */ = {isa = PBXFileReference; lastKnownFileType = sourcecode.c.h; path = ListRowViewController.h; sourceTree = "<group>"; };
		4FAFF6F9199EEE9B00B4D55E /* ListRowViewController.m */ = {isa = PBXFileReference; lastKnownFileType = sourcecode.c.objc; path = ListRowViewController.m; sourceTree = "<group>"; };
		4FAFF6FB199EEE9B00B4D55E /* TodayViewController.xib */ = {isa = PBXFileReference; lastKnownFileType = file.xib; path = TodayViewController.xib; sourceTree = "<group>"; };
		4FAFF6FD199EEE9B00B4D55E /* ListRowViewController.xib */ = {isa = PBXFileReference; lastKnownFileType = file.xib; path = ListRowViewController.xib; sourceTree = "<group>"; };
		4FAFF708199EEECE00B4D55E /* StockRequest.h */ = {isa = PBXFileReference; fileEncoding = 4; lastKnownFileType = sourcecode.c.h; path = StockRequest.h; sourceTree = "<group>"; };
		4FAFF709199EEECE00B4D55E /* StockRequest.m */ = {isa = PBXFileReference; fileEncoding = 4; lastKnownFileType = sourcecode.c.objc; path = StockRequest.m; sourceTree = "<group>"; };
		4FF727DA19A314180016B079 /* GraphView.h */ = {isa = PBXFileReference; fileEncoding = 4; lastKnownFileType = sourcecode.c.h; path = GraphView.h; sourceTree = "<group>"; };
		4FF727DB19A314180016B079 /* GraphView.m */ = {isa = PBXFileReference; fileEncoding = 4; lastKnownFileType = sourcecode.c.objc; path = GraphView.m; sourceTree = "<group>"; };
/* End PBXFileReference section */

/* Begin PBXFrameworksBuildPhase section */
		4FAFF6C0199EEE0500B4D55E /* Frameworks */ = {
			isa = PBXFrameworksBuildPhase;
			buildActionMask = 2147483647;
			files = (
			);
			runOnlyForDeploymentPostprocessing = 0;
		};
		4FAFF6D3199EEE0600B4D55E /* Frameworks */ = {
			isa = PBXFrameworksBuildPhase;
			buildActionMask = 2147483647;
			files = (
			);
			runOnlyForDeploymentPostprocessing = 0;
		};
		4FAFF6E7199EEE9B00B4D55E /* Frameworks */ = {
			isa = PBXFrameworksBuildPhase;
			buildActionMask = 2147483647;
			files = (
				4FAFF6ED199EEE9B00B4D55E /* NotificationCenter.framework in Frameworks */,
			);
			runOnlyForDeploymentPostprocessing = 0;
		};
/* End PBXFrameworksBuildPhase section */

/* Begin PBXGroup section */
		4FAFF6BA199EEE0500B4D55E = {
			isa = PBXGroup;
			children = (
				4FAFF6C5199EEE0500B4D55E /* Stocks+ */,
				4FAFF6D9199EEE0600B4D55E /* Stocks+Tests */,
				4FAFF6EE199EEE9B00B4D55E /* TodayStocks+ */,
				4FAFF6EB199EEE9B00B4D55E /* Frameworks */,
				4FAFF6C4199EEE0500B4D55E /* Products */,
			);
			sourceTree = "<group>";
		};
		4FAFF6C4199EEE0500B4D55E /* Products */ = {
			isa = PBXGroup;
			children = (
				4FAFF6C3199EEE0500B4D55E /* Stocks+.app */,
				4FAFF6D6199EEE0600B4D55E /* Stocks+Tests.xctest */,
				4FAFF6EA199EEE9B00B4D55E /* TodayStocks+.appex */,
			);
			name = Products;
			sourceTree = "<group>";
		};
		4FAFF6C5199EEE0500B4D55E /* Stocks+ */ = {
			isa = PBXGroup;
			children = (
				4FAFF6CA199EEE0500B4D55E /* AppDelegate.h */,
				4FAFF6CB199EEE0500B4D55E /* AppDelegate.m */,
				4FAFF6CD199EEE0500B4D55E /* Images.xcassets */,
				4FAFF6CF199EEE0500B4D55E /* MainMenu.xib */,
				4FAFF6C6199EEE0500B4D55E /* Supporting Files */,
			);
			path = "Stocks+";
			sourceTree = "<group>";
		};
		4FAFF6C6199EEE0500B4D55E /* Supporting Files */ = {
			isa = PBXGroup;
			children = (
				4FAFF6C7199EEE0500B4D55E /* Info.plist */,
				4FAFF6C8199EEE0500B4D55E /* main.m */,
			);
			name = "Supporting Files";
			sourceTree = "<group>";
		};
		4FAFF6D9199EEE0600B4D55E /* Stocks+Tests */ = {
			isa = PBXGroup;
			children = (
				4FAFF6DC199EEE0600B4D55E /* Stocks_Tests.m */,
				4FAFF6DA199EEE0600B4D55E /* Supporting Files */,
			);
			path = "Stocks+Tests";
			sourceTree = "<group>";
		};
		4FAFF6DA199EEE0600B4D55E /* Supporting Files */ = {
			isa = PBXGroup;
			children = (
				4FAFF6DB199EEE0600B4D55E /* Info.plist */,
			);
			name = "Supporting Files";
			sourceTree = "<group>";
		};
		4FAFF6EB199EEE9B00B4D55E /* Frameworks */ = {
			isa = PBXGroup;
			children = (
				4FAFF6EC199EEE9B00B4D55E /* NotificationCenter.framework */,
			);
			name = Frameworks;
			sourceTree = "<group>";
		};
		4FAFF6EE199EEE9B00B4D55E /* TodayStocks+ */ = {
			isa = PBXGroup;
			children = (
				4FAFF6F5199EEE9B00B4D55E /* TodayViewController.h */,
				4FAFF6F6199EEE9B00B4D55E /* TodayViewController.m */,
				4FAFF6F8199EEE9B00B4D55E /* ListRowViewController.h */,
				4FAFF6F9199EEE9B00B4D55E /* ListRowViewController.m */,
				4FAFF708199EEECE00B4D55E /* StockRequest.h */,
				4FAFF709199EEECE00B4D55E /* StockRequest.m */,
				4FF727DA19A314180016B079 /* GraphView.h */,
				4FF727DB19A314180016B079 /* GraphView.m */,
				4F3F9AC819A0FE4C00CA9D87 /* StockGraph.h */,
				4F3F9AC919A0FE4C00CA9D87 /* StockGraph.m */,
				4F2502B119A01DA60015FDA7 /* DataPoint.h */,
				4F2502B219A01DA60015FDA7 /* DataPoint.m */,
				4FAFF6FB199EEE9B00B4D55E /* TodayViewController.xib */,
				4FAFF6FD199EEE9B00B4D55E /* ListRowViewController.xib */,
				4FAFF6EF199EEE9B00B4D55E /* Supporting Files */,
			);
			path = "TodayStocks+";
			sourceTree = "<group>";
		};
		4FAFF6EF199EEE9B00B4D55E /* Supporting Files */ = {
			isa = PBXGroup;
			children = (
				4FAFF6F0199EEE9B00B4D55E /* Info.plist */,
				4FAFF6F1199EEE9B00B4D55E /* TodayStocks_.entitlements */,
				4FAFF6F2199EEE9B00B4D55E /* InfoPlist.strings */,
			);
			name = "Supporting Files";
			sourceTree = "<group>";
		};
/* End PBXGroup section */

/* Begin PBXNativeTarget section */
		4FAFF6C2199EEE0500B4D55E /* Stocks+ */ = {
			isa = PBXNativeTarget;
			buildConfigurationList = 4FAFF6E0199EEE0600B4D55E /* Build configuration list for PBXNativeTarget "Stocks+" */;
			buildPhases = (
				4FAFF6BF199EEE0500B4D55E /* Sources */,
				4FAFF6C0199EEE0500B4D55E /* Frameworks */,
				4FAFF6C1199EEE0500B4D55E /* Resources */,
				4FAFF707199EEE9B00B4D55E /* Embed App Extensions */,
			);
			buildRules = (
			);
			dependencies = (
				4FAFF700199EEE9B00B4D55E /* PBXTargetDependency */,
				4FAFF703199EEE9B00B4D55E /* PBXTargetDependency */,
			);
			name = "Stocks+";
			productName = "Stocks+";
			productReference = 4FAFF6C3199EEE0500B4D55E /* Stocks+.app */;
			productType = "com.apple.product-type.application";
		};
		4FAFF6D5199EEE0600B4D55E /* Stocks+Tests */ = {
			isa = PBXNativeTarget;
			buildConfigurationList = 4FAFF6E3199EEE0600B4D55E /* Build configuration list for PBXNativeTarget "Stocks+Tests" */;
			buildPhases = (
				4FAFF6D2199EEE0600B4D55E /* Sources */,
				4FAFF6D3199EEE0600B4D55E /* Frameworks */,
				4FAFF6D4199EEE0600B4D55E /* Resources */,
			);
			buildRules = (
			);
			dependencies = (
				4FAFF6D8199EEE0600B4D55E /* PBXTargetDependency */,
			);
			name = "Stocks+Tests";
			productName = "Stocks+Tests";
			productReference = 4FAFF6D6199EEE0600B4D55E /* Stocks+Tests.xctest */;
			productType = "com.apple.product-type.bundle.unit-test";
		};
		4FAFF6E9199EEE9B00B4D55E /* TodayStocks+ */ = {
			isa = PBXNativeTarget;
			buildConfigurationList = 4FAFF704199EEE9B00B4D55E /* Build configuration list for PBXNativeTarget "TodayStocks+" */;
			buildPhases = (
				4FAFF6E6199EEE9B00B4D55E /* Sources */,
				4FAFF6E7199EEE9B00B4D55E /* Frameworks */,
				4FAFF6E8199EEE9B00B4D55E /* Resources */,
			);
			buildRules = (
			);
			dependencies = (
			);
			name = "TodayStocks+";
			productName = "TodayStocks+";
			productReference = 4FAFF6EA199EEE9B00B4D55E /* TodayStocks+.appex */;
			productType = "com.apple.product-type.app-extension";
		};
/* End PBXNativeTarget section */

/* Begin PBXProject section */
		4FAFF6BB199EEE0500B4D55E /* Project object */ = {
			isa = PBXProject;
			attributes = {
				LastUpgradeCheck = 0600;
				ORGANIZATIONNAME = "Noah Martin";
				TargetAttributes = {
					4FAFF6C2199EEE0500B4D55E = {
						CreatedOnToolsVersion = 6.0;
					};
					4FAFF6D5199EEE0600B4D55E = {
						CreatedOnToolsVersion = 6.0;
						TestTargetID = 4FAFF6C2199EEE0500B4D55E;
					};
					4FAFF6E9199EEE9B00B4D55E = {
						CreatedOnToolsVersion = 6.0;
					};
				};
			};
			buildConfigurationList = 4FAFF6BE199EEE0500B4D55E /* Build configuration list for PBXProject "Stocks+" */;
			compatibilityVersion = "Xcode 3.2";
			developmentRegion = English;
			hasScannedForEncodings = 0;
			knownRegions = (
				en,
				Base,
			);
			mainGroup = 4FAFF6BA199EEE0500B4D55E;
			productRefGroup = 4FAFF6C4199EEE0500B4D55E /* Products */;
			projectDirPath = "";
			projectRoot = "";
			targets = (
				4FAFF6C2199EEE0500B4D55E /* Stocks+ */,
				4FAFF6D5199EEE0600B4D55E /* Stocks+Tests */,
				4FAFF6E9199EEE9B00B4D55E /* TodayStocks+ */,
			);
		};
/* End PBXProject section */

/* Begin PBXResourcesBuildPhase section */
		4FAFF6C1199EEE0500B4D55E /* Resources */ = {
			isa = PBXResourcesBuildPhase;
			buildActionMask = 2147483647;
			files = (
				4FAFF6CE199EEE0500B4D55E /* Images.xcassets in Resources */,
				4FAFF6D1199EEE0500B4D55E /* MainMenu.xib in Resources */,
			);
			runOnlyForDeploymentPostprocessing = 0;
		};
		4FAFF6D4199EEE0600B4D55E /* Resources */ = {
			isa = PBXResourcesBuildPhase;
			buildActionMask = 2147483647;
			files = (
			);
			runOnlyForDeploymentPostprocessing = 0;
		};
		4FAFF6E8199EEE9B00B4D55E /* Resources */ = {
			isa = PBXResourcesBuildPhase;
			buildActionMask = 2147483647;
			files = (
				4FAFF6FE199EEE9B00B4D55E /* ListRowViewController.xib in Resources */,
				4FAFF6FC199EEE9B00B4D55E /* TodayViewController.xib in Resources */,
				4FAFF6F4199EEE9B00B4D55E /* InfoPlist.strings in Resources */,
			);
			runOnlyForDeploymentPostprocessing = 0;
		};
/* End PBXResourcesBuildPhase section */

/* Begin PBXSourcesBuildPhase section */
		4FAFF6BF199EEE0500B4D55E /* Sources */ = {
			isa = PBXSourcesBuildPhase;
			buildActionMask = 2147483647;
			files = (
				4FAFF6CC199EEE0500B4D55E /* AppDelegate.m in Sources */,
				4FAFF6C9199EEE0500B4D55E /* main.m in Sources */,
			);
			runOnlyForDeploymentPostprocessing = 0;
		};
		4FAFF6D2199EEE0600B4D55E /* Sources */ = {
			isa = PBXSourcesBuildPhase;
			buildActionMask = 2147483647;
			files = (
				4FAFF6DD199EEE0600B4D55E /* Stocks_Tests.m in Sources */,
			);
			runOnlyForDeploymentPostprocessing = 0;
		};
		4FAFF6E6199EEE9B00B4D55E /* Sources */ = {
			isa = PBXSourcesBuildPhase;
			buildActionMask = 2147483647;
			files = (
				4FAFF6F7199EEE9B00B4D55E /* TodayViewController.m in Sources */,
				4F3F9ACA19A0FE4C00CA9D87 /* StockGraph.m in Sources */,
				4FAFF70A199EEECE00B4D55E /* StockRequest.m in Sources */,
				4FF727DC19A314180016B079 /* GraphView.m in Sources */,
				4F2502B319A01DA60015FDA7 /* DataPoint.m in Sources */,
				4FAFF6FA199EEE9B00B4D55E /* ListRowViewController.m in Sources */,
			);
			runOnlyForDeploymentPostprocessing = 0;
		};
/* End PBXSourcesBuildPhase section */

/* Begin PBXTargetDependency section */
		4FAFF6D8199EEE0600B4D55E /* PBXTargetDependency */ = {
			isa = PBXTargetDependency;
			target = 4FAFF6C2199EEE0500B4D55E /* Stocks+ */;
			targetProxy = 4FAFF6D7199EEE0600B4D55E /* PBXContainerItemProxy */;
		};
		4FAFF700199EEE9B00B4D55E /* PBXTargetDependency */ = {
			isa = PBXTargetDependency;
			target = 4FAFF6E9199EEE9B00B4D55E /* TodayStocks+ */;
			targetProxy = 4FAFF6FF199EEE9B00B4D55E /* PBXContainerItemProxy */;
		};
		4FAFF703199EEE9B00B4D55E /* PBXTargetDependency */ = {
			isa = PBXTargetDependency;
			target = 4FAFF6E9199EEE9B00B4D55E /* TodayStocks+ */;
			targetProxy = 4FAFF702199EEE9B00B4D55E /* PBXContainerItemProxy */;
		};
/* End PBXTargetDependency section */

/* Begin PBXVariantGroup section */
		4FAFF6CF199EEE0500B4D55E /* MainMenu.xib */ = {
			isa = PBXVariantGroup;
			children = (
				4FAFF6D0199EEE0500B4D55E /* Base */,
			);
			name = MainMenu.xib;
			sourceTree = "<group>";
		};
		4FAFF6F2199EEE9B00B4D55E /* InfoPlist.strings */ = {
			isa = PBXVariantGroup;
			children = (
				4FAFF6F3199EEE9B00B4D55E /* en */,
			);
			name = InfoPlist.strings;
			sourceTree = "<group>";
		};
/* End PBXVariantGroup section */

/* Begin XCBuildConfiguration section */
		4FAFF6DE199EEE0600B4D55E /* Debug */ = {
			isa = XCBuildConfiguration;
			buildSettings = {
				ALWAYS_SEARCH_USER_PATHS = NO;
				CLANG_CXX_LANGUAGE_STANDARD = "gnu++0x";
				CLANG_CXX_LIBRARY = "libc++";
				CLANG_ENABLE_MODULES = YES;
				CLANG_ENABLE_OBJC_ARC = YES;
				CLANG_WARN_BOOL_CONVERSION = YES;
				CLANG_WARN_CONSTANT_CONVERSION = YES;
				CLANG_WARN_DIRECT_OBJC_ISA_USAGE = YES_ERROR;
				CLANG_WARN_EMPTY_BODY = YES;
				CLANG_WARN_ENUM_CONVERSION = YES;
				CLANG_WARN_INT_CONVERSION = YES;
				CLANG_WARN_OBJC_ROOT_CLASS = YES_ERROR;
				CLANG_WARN_UNREACHABLE_CODE = YES;
				CLANG_WARN__DUPLICATE_METHOD_MATCH = YES;
				CODE_SIGN_IDENTITY = "-";
				COPY_PHASE_STRIP = NO;
				ENABLE_STRICT_OBJC_MSGSEND = YES;
				GCC_C_LANGUAGE_STANDARD = gnu99;
				GCC_DYNAMIC_NO_PIC = NO;
				GCC_OPTIMIZATION_LEVEL = 0;
				GCC_PREPROCESSOR_DEFINITIONS = (
					"DEBUG=1",
					"$(inherited)",
				);
				GCC_SYMBOLS_PRIVATE_EXTERN = NO;
				GCC_WARN_64_TO_32_BIT_CONVERSION = YES;
				GCC_WARN_ABOUT_RETURN_TYPE = YES_ERROR;
				GCC_WARN_UNDECLARED_SELECTOR = YES;
				GCC_WARN_UNINITIALIZED_AUTOS = YES_AGGRESSIVE;
				GCC_WARN_UNUSED_FUNCTION = YES;
				GCC_WARN_UNUSED_VARIABLE = YES;
				MACOSX_DEPLOYMENT_TARGET = 10.10;
				MTL_ENABLE_DEBUG_INFO = YES;
				ONLY_ACTIVE_ARCH = YES;
				SDKROOT = macosx;
			};
			name = Debug;
		};
		4FAFF6DF199EEE0600B4D55E /* Release */ = {
			isa = XCBuildConfiguration;
			buildSettings = {
				ALWAYS_SEARCH_USER_PATHS = NO;
				CLANG_CXX_LANGUAGE_STANDARD = "gnu++0x";
				CLANG_CXX_LIBRARY = "libc++";
				CLANG_ENABLE_MODULES = YES;
				CLANG_ENABLE_OBJC_ARC = YES;
				CLANG_WARN_BOOL_CONVERSION = YES;
				CLANG_WARN_CONSTANT_CONVERSION = YES;
				CLANG_WARN_DIRECT_OBJC_ISA_USAGE = YES_ERROR;
				CLANG_WARN_EMPTY_BODY = YES;
				CLANG_WARN_ENUM_CONVERSION = YES;
				CLANG_WARN_INT_CONVERSION = YES;
				CLANG_WARN_OBJC_ROOT_CLASS = YES_ERROR;
				CLANG_WARN_UNREACHABLE_CODE = YES;
				CLANG_WARN__DUPLICATE_METHOD_MATCH = YES;
				CODE_SIGN_IDENTITY = "-";
				COPY_PHASE_STRIP = YES;
				DEBUG_INFORMATION_FORMAT = "dwarf-with-dsym";
				ENABLE_NS_ASSERTIONS = NO;
				ENABLE_STRICT_OBJC_MSGSEND = YES;
				GCC_C_LANGUAGE_STANDARD = gnu99;
				GCC_WARN_64_TO_32_BIT_CONVERSION = YES;
				GCC_WARN_ABOUT_RETURN_TYPE = YES_ERROR;
				GCC_WARN_UNDECLARED_SELECTOR = YES;
				GCC_WARN_UNINITIALIZED_AUTOS = YES_AGGRESSIVE;
				GCC_WARN_UNUSED_FUNCTION = YES;
				GCC_WARN_UNUSED_VARIABLE = YES;
				MACOSX_DEPLOYMENT_TARGET = 10.10;
				MTL_ENABLE_DEBUG_INFO = NO;
				SDKROOT = macosx;
			};
			name = Release;
		};
		4FAFF6E1199EEE0600B4D55E /* Debug */ = {
			isa = XCBuildConfiguration;
			buildSettings = {
				ASSETCATALOG_COMPILER_APPICON_NAME = AppIcon;
				COMBINE_HIDPI_IMAGES = YES;
				INFOPLIST_FILE = "Stocks+/Info.plist";
				LD_RUNPATH_SEARCH_PATHS = "$(inherited) @executable_path/../Frameworks";
				PRODUCT_NAME = "$(TARGET_NAME)";
			};
			name = Debug;
		};
		4FAFF6E2199EEE0600B4D55E /* Release */ = {
			isa = XCBuildConfiguration;
			buildSettings = {
				ASSETCATALOG_COMPILER_APPICON_NAME = AppIcon;
				COMBINE_HIDPI_IMAGES = YES;
				INFOPLIST_FILE = "Stocks+/Info.plist";
				LD_RUNPATH_SEARCH_PATHS = "$(inherited) @executable_path/../Frameworks";
				PRODUCT_NAME = "$(TARGET_NAME)";
			};
			name = Release;
		};
		4FAFF6E4199EEE0600B4D55E /* Debug */ = {
			isa = XCBuildConfiguration;
			buildSettings = {
				BUNDLE_LOADER = "$(TEST_HOST)";
				COMBINE_HIDPI_IMAGES = YES;
				FRAMEWORK_SEARCH_PATHS = (
					"$(DEVELOPER_FRAMEWORKS_DIR)",
					"$(inherited)",
				);
				GCC_PREPROCESSOR_DEFINITIONS = (
					"DEBUG=1",
					"$(inherited)",
				);
				INFOPLIST_FILE = "Stocks+Tests/Info.plist";
				LD_RUNPATH_SEARCH_PATHS = "$(inherited) @executable_path/../Frameworks @loader_path/../Frameworks";
				PRODUCT_NAME = "$(TARGET_NAME)";
				TEST_HOST = "$(BUILT_PRODUCTS_DIR)/Stocks+.app/Contents/MacOS/Stocks+";
			};
			name = Debug;
		};
		4FAFF6E5199EEE0600B4D55E /* Release */ = {
			isa = XCBuildConfiguration;
			buildSettings = {
				BUNDLE_LOADER = "$(TEST_HOST)";
				COMBINE_HIDPI_IMAGES = YES;
				FRAMEWORK_SEARCH_PATHS = (
					"$(DEVELOPER_FRAMEWORKS_DIR)",
					"$(inherited)",
				);
				INFOPLIST_FILE = "Stocks+Tests/Info.plist";
				LD_RUNPATH_SEARCH_PATHS = "$(inherited) @executable_path/../Frameworks @loader_path/../Frameworks";
				PRODUCT_NAME = "$(TARGET_NAME)";
				TEST_HOST = "$(BUILT_PRODUCTS_DIR)/Stocks+.app/Contents/MacOS/Stocks+";
			};
			name = Release;
		};
		4FAFF705199EEE9B00B4D55E /* Debug */ = {
			isa = XCBuildConfiguration;
			buildSettings = {
				CODE_SIGN_ENTITLEMENTS = "TodayStocks+/TodayStocks_.entitlements";
				CODE_SIGN_IDENTITY = "-";
				COMBINE_HIDPI_IMAGES = YES;
				GCC_PREPROCESSOR_DEFINITIONS = (
					"DEBUG=1",
					"$(inherited)",
				);
				INFOPLIST_FILE = "TodayStocks+/Info.plist";
				LD_RUNPATH_SEARCH_PATHS = "$(inherited) @executable_path/../Frameworks @executable_path/../../../../Frameworks";
				PRODUCT_NAME = "$(TARGET_NAME)";
				SKIP_INSTALL = YES;
			};
			name = Debug;
		};
		4FAFF706199EEE9B00B4D55E /* Release */ = {
			isa = XCBuildConfiguration;
			buildSettings = {
				CODE_SIGN_ENTITLEMENTS = "TodayStocks+/TodayStocks_.entitlements";
				CODE_SIGN_IDENTITY = "-";
				COMBINE_HIDPI_IMAGES = YES;
				INFOPLIST_FILE = "TodayStocks+/Info.plist";
				LD_RUNPATH_SEARCH_PATHS = "$(inherited) @executable_path/../Frameworks @executable_path/../../../../Frameworks";
				PRODUCT_NAME = "$(TARGET_NAME)";
				SKIP_INSTALL = YES;
			};
			name = Release;
		};
/* End XCBuildConfiguration section */

/* Begin XCConfigurationList section */
		4FAFF6BE199EEE0500B4D55E /* Build configuration list for PBXProject "Stocks+" */ = {
			isa = XCConfigurationList;
			buildConfigurations = (
				4FAFF6DE199EEE0600B4D55E /* Debug */,
				4FAFF6DF199EEE0600B4D55E /* Release */,
			);
			defaultConfigurationIsVisible = 0;
			defaultConfigurationName = Release;
		};
		4FAFF6E0199EEE0600B4D55E /* Build configuration list for PBXNativeTarget "Stocks+" */ = {
			isa = XCConfigurationList;
			buildConfigurations = (
				4FAFF6E1199EEE0600B4D55E /* Debug */,
				4FAFF6E2199EEE0600B4D55E /* Release */,
			);
			defaultConfigurationIsVisible = 0;
			defaultConfigurationName = Release;
		};
		4FAFF6E3199EEE0600B4D55E /* Build configuration list for PBXNativeTarget "Stocks+Tests" */ = {
			isa = XCConfigurationList;
			buildConfigurations = (
				4FAFF6E4199EEE0600B4D55E /* Debug */,
				4FAFF6E5199EEE0600B4D55E /* Release */,
			);
			defaultConfigurationIsVisible = 0;
			defaultConfigurationName = Release;
		};
		4FAFF704199EEE9B00B4D55E /* Build configuration list for PBXNativeTarget "TodayStocks+" */ = {
			isa = XCConfigurationList;
			buildConfigurations = (
				4FAFF705199EEE9B00B4D55E /* Debug */,
				4FAFF706199EEE9B00B4D55E /* Release */,
			);
			defaultConfigurationIsVisible = 0;
			defaultConfigurationName = Release;
		};
/* End XCConfigurationList section */
	};
	rootObject = 4FAFF6BB199EEE0500B4D55E /* Project object */;
}
